
Microsoft Visual Studio Solution File, Format Version 12.00
# Visual Studio Version 17
VisualStudioVersion = 17.14.36408.4
MinimumVisualStudioVersion = 10.0.40219.1
Project("{8BC9CEB8-8B4A-11D0-8D11-00A0C91BC942}") = "ComboBox", "ComboBox\ComboBox.vcxproj", "{784D61DD-D7DD-41FC-8077-436B1BBED83A}"
EndProject
Project("{8BC9CEB8-8B4A-11D0-8D11-00A0C91BC942}") = "ListBox_new", "ListBox_new\ListBox_new.vcxproj", "{01C1A998-AA40-4BCA-8CE1-13633A70E1C2}"
EndProject
Project("{8BC9CEB8-8B4A-11D0-8D11-00A0C91BC942}") = "MainWindow", "MainWindow\MainWindow.vcxproj", "{41E896BD-62C1-4778-947A-CBB24663C85E}"
EndProject
Project("{8BC9CEB8-8B4A-11D0-8D11-00A0C91BC942}") = "Calc", "Calc\Calc.vcxproj", "{1D5098A0-3CDA-442F-A9A1-1AA6907086C5}"
EndProject
Project("{8BC9CEB8-8B4A-11D0-8D11-00A0C91BC942}") = "square_blue", "Square_blue\Square_blue.vcxproj", "{097ED00F-AE8A-4ADC-ACFA-2178947AC671}"
EndProject
Project("{8BC9CEB8-8B4A-11D0-8D11-00A0C91BC942}") = "metal_mistral", "metal_mistral\metal_mistral.vcxproj", "{57752468-454D-4EBB-8C82-FE87C903EF4E}"
EndProject
Project("{8BC9CEB8-8B4A-11D0-8D11-00A0C91BC942}") = "Digital-7", "fonts\fonts.vcxproj", "{B5016DE8-06B9-40A5-B3D0-6A33176D4DF6}"
EndProject
Project("{8BC9CEB8-8B4A-11D0-8D11-00A0C91BC942}") = "28 Days Later", "28 Days Later\28 Days Later.vcxproj", "{E96CB77F-A6F7-49EC-8268-9DB75428074C}"
EndProject
Project("{8BC9CEB8-8B4A-11D0-8D11-00A0C91BC942}") = "my_skin", "my_skin\my_skin.vcxproj", "{2FED0DE3-7676-47B1-A5F1-8940E89ABA93}"
EndProject
Project("{54435603-DBB4-11D2-8724-00A0C9A8B90C}") = "CalcSetup", "CalcSetup\CalcSetup.vdproj", "{9DCE253F-E175-7B89-E1AA-36F45B227300}"
EndProject
Global
	GlobalSection(SolutionConfigurationPlatforms) = preSolution
		Debug|x64 = Debug|x64
		Debug|x86 = Debug|x86
		Release|x64 = Release|x64
		Release|x86 = Release|x86
	EndGlobalSection
	GlobalSection(ProjectConfigurationPlatforms) = postSolution
		{784D61DD-D7DD-41FC-8077-436B1BBED83A}.Debug|x64.ActiveCfg = Debug|x64
		{784D61DD-D7DD-41FC-8077-436B1BBED83A}.Debug|x64.Build.0 = Debug|x64
		{784D61DD-D7DD-41FC-8077-436B1BBED83A}.Debug|x86.ActiveCfg = Debug|Win32
		{784D61DD-D7DD-41FC-8077-436B1BBED83A}.Debug|x86.Build.0 = Debug|Win32
		{784D61DD-D7DD-41FC-8077-436B1BBED83A}.Release|x64.ActiveCfg = Release|x64
		{784D61DD-D7DD-41FC-8077-436B1BBED83A}.Release|x64.Build.0 = Release|x64
		{784D61DD-D7DD-41FC-8077-436B1BBED83A}.Release|x86.ActiveCfg = Release|Win32
		{784D61DD-D7DD-41FC-8077-436B1BBED83A}.Release|x86.Build.0 = Release|Win32
		{01C1A998-AA40-4BCA-8CE1-13633A70E1C2}.Debug|x64.ActiveCfg = Debug|x64
		{01C1A998-AA40-4BCA-8CE1-13633A70E1C2}.Debug|x64.Build.0 = Debug|x64
		{01C1A998-AA40-4BCA-8CE1-13633A70E1C2}.Debug|x86.ActiveCfg = Debug|Win32
		{01C1A998-AA40-4BCA-8CE1-13633A70E1C2}.Debug|x86.Build.0 = Debug|Win32
		{01C1A998-AA40-4BCA-8CE1-13633A70E1C2}.Release|x64.ActiveCfg = Release|x64
		{01C1A998-AA40-4BCA-8CE1-13633A70E1C2}.Release|x64.Build.0 = Release|x64
		{01C1A998-AA40-4BCA-8CE1-13633A70E1C2}.Release|x86.ActiveCfg = Release|Win32
		{01C1A998-AA40-4BCA-8CE1-13633A70E1C2}.Release|x86.Build.0 = Release|Win32
		{41E896BD-62C1-4778-947A-CBB24663C85E}.Debug|x64.ActiveCfg = Debug|x64
		{41E896BD-62C1-4778-947A-CBB24663C85E}.Debug|x64.Build.0 = Debug|x64
		{41E896BD-62C1-4778-947A-CBB24663C85E}.Debug|x86.ActiveCfg = Debug|Win32
		{41E896BD-62C1-4778-947A-CBB24663C85E}.Debug|x86.Build.0 = Debug|Win32
		{41E896BD-62C1-4778-947A-CBB24663C85E}.Release|x64.ActiveCfg = Release|x64
		{41E896BD-62C1-4778-947A-CBB24663C85E}.Release|x64.Build.0 = Release|x64
		{41E896BD-62C1-4778-947A-CBB24663C85E}.Release|x86.ActiveCfg = Release|Win32
		{41E896BD-62C1-4778-947A-CBB24663C85E}.Release|x86.Build.0 = Release|Win32
		{1D5098A0-3CDA-442F-A9A1-1AA6907086C5}.Debug|x64.ActiveCfg = Debug|x64
		{1D5098A0-3CDA-442F-A9A1-1AA6907086C5}.Debug|x64.Build.0 = Debug|x64
		{1D5098A0-3CDA-442F-A9A1-1AA6907086C5}.Debug|x86.ActiveCfg = Debug|Win32
		{1D5098A0-3CDA-442F-A9A1-1AA6907086C5}.Debug|x86.Build.0 = Debug|Win32
		{1D5098A0-3CDA-442F-A9A1-1AA6907086C5}.Release|x64.ActiveCfg = Release|x64
		{1D5098A0-3CDA-442F-A9A1-1AA6907086C5}.Release|x64.Build.0 = Release|x64
		{1D5098A0-3CDA-442F-A9A1-1AA6907086C5}.Release|x86.ActiveCfg = Release|Win32
		{1D5098A0-3CDA-442F-A9A1-1AA6907086C5}.Release|x86.Build.0 = Release|Win32
		{097ED00F-AE8A-4ADC-ACFA-2178947AC671}.Debug|x64.ActiveCfg = Debug|x64
		{097ED00F-AE8A-4ADC-ACFA-2178947AC671}.Debug|x64.Build.0 = Debug|x64
		{097ED00F-AE8A-4ADC-ACFA-2178947AC671}.Debug|x86.ActiveCfg = Debug|Win32
		{097ED00F-AE8A-4ADC-ACFA-2178947AC671}.Debug|x86.Build.0 = Debug|Win32
		{097ED00F-AE8A-4ADC-ACFA-2178947AC671}.Release|x64.ActiveCfg = Release|x64
		{097ED00F-AE8A-4ADC-ACFA-2178947AC671}.Release|x64.Build.0 = Release|x64
		{097ED00F-AE8A-4ADC-ACFA-2178947AC671}.Release|x86.ActiveCfg = Release|Win32
		{097ED00F-AE8A-4ADC-ACFA-2178947AC671}.Release|x86.Build.0 = Release|Win32
		{57752468-454D-4EBB-8C82-FE87C903EF4E}.Debug|x64.ActiveCfg = Debug|x64
		{57752468-454D-4EBB-8C82-FE87C903EF4E}.Debug|x64.Build.0 = Debug|x64
		{57752468-454D-4EBB-8C82-FE87C903EF4E}.Debug|x86.ActiveCfg = Debug|Win32
		{57752468-454D-4EBB-8C82-FE87C903EF4E}.Debug|x86.Build.0 = Debug|Win32
		{57752468-454D-4EBB-8C82-FE87C903EF4E}.Release|x64.ActiveCfg = Release|x64
		{57752468-454D-4EBB-8C82-FE87C903EF4E}.Release|x64.Build.0 = Release|x64
		{57752468-454D-4EBB-8C82-FE87C903EF4E}.Release|x86.ActiveCfg = Release|Win32
		{57752468-454D-4EBB-8C82-FE87C903EF4E}.Release|x86.Build.0 = Release|Win32
		{B5016DE8-06B9-40A5-B3D0-6A33176D4DF6}.Debug|x64.ActiveCfg = Debug|x64
		{B5016DE8-06B9-40A5-B3D0-6A33176D4DF6}.Debug|x64.Build.0 = Debug|x64
		{B5016DE8-06B9-40A5-B3D0-6A33176D4DF6}.Debug|x86.ActiveCfg = Debug|Win32
		{B5016DE8-06B9-40A5-B3D0-6A33176D4DF6}.Debug|x86.Build.0 = Debug|Win32
		{B5016DE8-06B9-40A5-B3D0-6A33176D4DF6}.Release|x64.ActiveCfg = Release|x64
		{B5016DE8-06B9-40A5-B3D0-6A33176D4DF6}.Release|x64.Build.0 = Release|x64
		{B5016DE8-06B9-40A5-B3D0-6A33176D4DF6}.Release|x86.ActiveCfg = Release|Win32
		{B5016DE8-06B9-40A5-B3D0-6A33176D4DF6}.Release|x86.Build.0 = Release|Win32
		{E96CB77F-A6F7-49EC-8268-9DB75428074C}.Debug|x64.ActiveCfg = Debug|x64
		{E96CB77F-A6F7-49EC-8268-9DB75428074C}.Debug|x64.Build.0 = Debug|x64
		{E96CB77F-A6F7-49EC-8268-9DB75428074C}.Debug|x86.ActiveCfg = Debug|Win32
		{E96CB77F-A6F7-49EC-8268-9DB75428074C}.Debug|x86.Build.0 = Debug|Win32
		{E96CB77F-A6F7-49EC-8268-9DB75428074C}.Release|x64.ActiveCfg = Release|x64
		{E96CB77F-A6F7-49EC-8268-9DB75428074C}.Release|x64.Build.0 = Release|x64
		{E96CB77F-A6F7-49EC-8268-9DB75428074C}.Release|x86.ActiveCfg = Release|Win32
		{E96CB77F-A6F7-49EC-8268-9DB75428074C}.Release|x86.Build.0 = Release|Win32
		{2FED0DE3-7676-47B1-A5F1-8940E89ABA93}.Debug|x64.ActiveCfg = Debug|x64
		{2FED0DE3-7676-47B1-A5F1-8940E89ABA93}.Debug|x64.Build.0 = Debug|x64
		{2FED0DE3-7676-47B1-A5F1-8940E89ABA93}.Debug|x86.ActiveCfg = Debug|Win32
		{2FED0DE3-7676-47B1-A5F1-8940E89ABA93}.Debug|x86.Build.0 = Debug|Win32
		{2FED0DE3-7676-47B1-A5F1-8940E89ABA93}.Release|x64.ActiveCfg = Release|x64
		{2FED0DE3-7676-47B1-A5F1-8940E89ABA93}.Release|x64.Build.0 = Release|x64
		{2FED0DE3-7676-47B1-A5F1-8940E89ABA93}.Release|x86.ActiveCfg = Release|Win32
		{2FED0DE3-7676-47B1-A5F1-8940E89ABA93}.Release|x86.Build.0 = Release|Win32
		{9DCE253F-E175-7B89-E1AA-36F45B227300}.Debug|x64.ActiveCfg = Debug
		{9DCE253F-E175-7B89-E1AA-36F45B227300}.Debug|x86.ActiveCfg = Debug
		{9DCE253F-E175-7B89-E1AA-36F45B227300}.Release|x64.ActiveCfg = Release
		{9DCE253F-E175-7B89-E1AA-36F45B227300}.Release|x86.ActiveCfg = Release
	EndGlobalSection
	GlobalSection(SolutionProperties) = preSolution
		HideSolutionNode = FALSE
	EndGlobalSection
	GlobalSection(ExtensibilityGlobals) = postSolution
		SolutionGuid = {03FEE2E5-653E-4643-B935-406E2A08A37B}
	EndGlobalSection
EndGlobal
